VITE_SUPABASE_URL=https://migrfehbxgukynbnkeno.supabase.co
VITE_SUPABASE_ANON_KEY=eyJhbGciOiJIUzI1NiIsInR5cCI6IkpXVCJ9.eyJpc3MiOiJzdXBhYmFzZSIsInJlZiI6Im1pZ3JmZWhieGd1a3luYm5rZW5vIiwicm9sZSI6ImFub24iLCJpYXQiOjE3NzM0MjM5MzMsImV4cCI6MjA4ODk5OTkzM30.2KKxBuEjlfWDV__jZsaeE4SEy5dqKH5vCXGkr4C9ry4
GEMINI_API_KEY=
